// !$*UTF8*$!
{
	archiveVersion = 1;
	classes = {
	};
	objectVersion = 56;
	objects = {

/* Begin PBXBuildFile section */
		7FFF071B2B3C6616005E1A28 /* BerlinClockTestApp.swift in Sources */ = {isa = PBXBuildFile; fileRef = 7FFF071A2B3C6616005E1A28 /* BerlinClockTestApp.swift */; };
		7FFF071D2B3C6616005E1A28 /* BerlinClockView.swift in Sources */ = {isa = PBXBuildFile; fileRef = 7FFF071C2B3C6616005E1A28 /* BerlinClockView.swift */; };
		7FFF071F2B3C6618005E1A28 /* Assets.xcassets in Resources */ = {isa = PBXBuildFile; fileRef = 7FFF071E2B3C6618005E1A28 /* Assets.xcassets */; };
		7FFF07222B3C6618005E1A28 /* Preview Assets.xcassets in Resources */ = {isa = PBXBuildFile; fileRef = 7FFF07212B3C6618005E1A28 /* Preview Assets.xcassets */; };
		7FFF072C2B3C6618005E1A28 /* LightStateUseCaseTests.swift in Sources */ = {isa = PBXBuildFile; fileRef = 7FFF072B2B3C6618005E1A28 /* LightStateUseCaseTests.swift */; };
		7FFF07362B3C6618005E1A28 /* BerlinClockTestUITests.swift in Sources */ = {isa = PBXBuildFile; fileRef = 7FFF07352B3C6618005E1A28 /* BerlinClockTestUITests.swift */; };
		7FFF07382B3C6618005E1A28 /* BerlinClockTestUITestsLaunchTests.swift in Sources */ = {isa = PBXBuildFile; fileRef = 7FFF07372B3C6618005E1A28 /* BerlinClockTestUITestsLaunchTests.swift */; };
		7FFF07482B3C68FA005E1A28 /* LightStateUseCase.swift in Sources */ = {isa = PBXBuildFile; fileRef = 7FFF07472B3C68FA005E1A28 /* LightStateUseCase.swift */; };
		7FFF074E2B3C6C27005E1A28 /* Calendar+Extension.swift in Sources */ = {isa = PBXBuildFile; fileRef = 7FFF074D2B3C6C27005E1A28 /* Calendar+Extension.swift */; };
		7FFF07522B3C7DA5005E1A28 /* Lamp.swift in Sources */ = {isa = PBXBuildFile; fileRef = 7FFF07512B3C7DA5005E1A28 /* Lamp.swift */; };
		7FFF07542B3C7DBF005E1A28 /* BerlinClock.swift in Sources */ = {isa = PBXBuildFile; fileRef = 7FFF07532B3C7DBF005E1A28 /* BerlinClock.swift */; };
		7FFF07562B3C7DDA005E1A28 /* BerlinClockEngine.swift in Sources */ = {isa = PBXBuildFile; fileRef = 7FFF07552B3C7DDA005E1A28 /* BerlinClockEngine.swift */; };
		7FFF07582B3C7E29005E1A28 /* BerlinClockEngineTests.swift in Sources */ = {isa = PBXBuildFile; fileRef = 7FFF07572B3C7E29005E1A28 /* BerlinClockEngineTests.swift */; };
		7FFF075A2B3C821E005E1A28 /* Array+Extension.swift in Sources */ = {isa = PBXBuildFile; fileRef = 7FFF07592B3C821E005E1A28 /* Array+Extension.swift */; };
		7FFF075F2B3CA0B3005E1A28 /* BerlinClockViewModel.swift in Sources */ = {isa = PBXBuildFile; fileRef = 7FFF075E2B3CA0B3005E1A28 /* BerlinClockViewModel.swift */; };
		7FFF07602B3CA15E005E1A28 /* Date+Extension.swift in Sources */ = {isa = PBXBuildFile; fileRef = 7FFF074A2B3C6960005E1A28 /* Date+Extension.swift */; };
		7FFF07662B3CA1E9005E1A28 /* BerlinClockViewModelTests.swift in Sources */ = {isa = PBXBuildFile; fileRef = 7FFF07652B3CA1E9005E1A28 /* BerlinClockViewModelTests.swift */; };
		7FFF07692B3CA39D005E1A28 /* TimerManager.swift in Sources */ = {isa = PBXBuildFile; fileRef = 7FFF07682B3CA39D005E1A28 /* TimerManager.swift */; };
		7FFF076B2B3CAAFA005E1A28 /* Date+Extension.swift in Sources */ = {isa = PBXBuildFile; fileRef = 7FFF076A2B3CAAFA005E1A28 /* Date+Extension.swift */; };
		7FFF076E2B3CC696005E1A28 /* TimeManagerMock.swift in Sources */ = {isa = PBXBuildFile; fileRef = 7FFF076D2B3CC696005E1A28 /* TimeManagerMock.swift */; };
		7FFF07702B3CC791005E1A28 /* SecondLampView.swift in Sources */ = {isa = PBXBuildFile; fileRef = 7FFF076F2B3CC791005E1A28 /* SecondLampView.swift */; };
		7FFF07722B3CC98D005E1A28 /* HourMinuteView.swift in Sources */ = {isa = PBXBuildFile; fileRef = 7FFF07712B3CC98D005E1A28 /* HourMinuteView.swift */; };
		7FFF07742B3CC9BB005E1A28 /* HourMinuteRowView.swift in Sources */ = {isa = PBXBuildFile; fileRef = 7FFF07732B3CC9BB005E1A28 /* HourMinuteRowView.swift */; };
		7FFF07762B3CD2CA005E1A28 /* DateFormatter+Extension.swift in Sources */ = {isa = PBXBuildFile; fileRef = 7FFF07752B3CD2CA005E1A28 /* DateFormatter+Extension.swift */; };
/* End PBXBuildFile section */

/* Begin PBXContainerItemProxy section */
		7FFF07282B3C6618005E1A28 /* PBXContainerItemProxy */ = {
			isa = PBXContainerItemProxy;
			containerPortal = 7FFF070F2B3C6616005E1A28 /* Project object */;
			proxyType = 1;
			remoteGlobalIDString = 7FFF07162B3C6616005E1A28;
			remoteInfo = BerlinClockTest;
		};
		7FFF07322B3C6618005E1A28 /* PBXContainerItemProxy */ = {
			isa = PBXContainerItemProxy;
			containerPortal = 7FFF070F2B3C6616005E1A28 /* Project object */;
			proxyType = 1;
			remoteGlobalIDString = 7FFF07162B3C6616005E1A28;
			remoteInfo = BerlinClockTest;
		};
/* End PBXContainerItemProxy section */

/* Begin PBXFileReference section */
		7FFF07172B3C6616005E1A28 /* BerlinClockTest.app */ = {isa = PBXFileReference; explicitFileType = wrapper.application; includeInIndex = 0; path = BerlinClockTest.app; sourceTree = BUILT_PRODUCTS_DIR; };
		7FFF071A2B3C6616005E1A28 /* BerlinClockTestApp.swift */ = {isa = PBXFileReference; lastKnownFileType = sourcecode.swift; path = BerlinClockTestApp.swift; sourceTree = "<group>"; };
		7FFF071C2B3C6616005E1A28 /* BerlinClockView.swift */ = {isa = PBXFileReference; lastKnownFileType = sourcecode.swift; path = BerlinClockView.swift; sourceTree = "<group>"; };
		7FFF071E2B3C6618005E1A28 /* Assets.xcassets */ = {isa = PBXFileReference; lastKnownFileType = folder.assetcatalog; path = Assets.xcassets; sourceTree = "<group>"; };
		7FFF07212B3C6618005E1A28 /* Preview Assets.xcassets */ = {isa = PBXFileReference; lastKnownFileType = folder.assetcatalog; path = "Preview Assets.xcassets"; sourceTree = "<group>"; };
		7FFF07272B3C6618005E1A28 /* BerlinClockTestTests.xctest */ = {isa = PBXFileReference; explicitFileType = wrapper.cfbundle; includeInIndex = 0; path = BerlinClockTestTests.xctest; sourceTree = BUILT_PRODUCTS_DIR; };
		7FFF072B2B3C6618005E1A28 /* LightStateUseCaseTests.swift */ = {isa = PBXFileReference; lastKnownFileType = sourcecode.swift; path = LightStateUseCaseTests.swift; sourceTree = "<group>"; };
		7FFF07312B3C6618005E1A28 /* BerlinClockTestUITests.xctest */ = {isa = PBXFileReference; explicitFileType = wrapper.cfbundle; includeInIndex = 0; path = BerlinClockTestUITests.xctest; sourceTree = BUILT_PRODUCTS_DIR; };
		7FFF07352B3C6618005E1A28 /* BerlinClockTestUITests.swift */ = {isa = PBXFileReference; lastKnownFileType = sourcecode.swift; path = BerlinClockTestUITests.swift; sourceTree = "<group>"; };
		7FFF07372B3C6618005E1A28 /* BerlinClockTestUITestsLaunchTests.swift */ = {isa = PBXFileReference; lastKnownFileType = sourcecode.swift; path = BerlinClockTestUITestsLaunchTests.swift; sourceTree = "<group>"; };
		7FFF07472B3C68FA005E1A28 /* LightStateUseCase.swift */ = {isa = PBXFileReference; lastKnownFileType = sourcecode.swift; path = LightStateUseCase.swift; sourceTree = "<group>"; };
		7FFF074A2B3C6960005E1A28 /* Date+Extension.swift */ = {isa = PBXFileReference; lastKnownFileType = sourcecode.swift; path = "Date+Extension.swift"; sourceTree = "<group>"; };
		7FFF074D2B3C6C27005E1A28 /* Calendar+Extension.swift */ = {isa = PBXFileReference; lastKnownFileType = sourcecode.swift; path = "Calendar+Extension.swift"; sourceTree = "<group>"; };
		7FFF07512B3C7DA5005E1A28 /* Lamp.swift */ = {isa = PBXFileReference; lastKnownFileType = sourcecode.swift; path = Lamp.swift; sourceTree = "<group>"; };
		7FFF07532B3C7DBF005E1A28 /* BerlinClock.swift */ = {isa = PBXFileReference; lastKnownFileType = sourcecode.swift; path = BerlinClock.swift; sourceTree = "<group>"; };
		7FFF07552B3C7DDA005E1A28 /* BerlinClockEngine.swift */ = {isa = PBXFileReference; lastKnownFileType = sourcecode.swift; path = BerlinClockEngine.swift; sourceTree = "<group>"; };
		7FFF07572B3C7E29005E1A28 /* BerlinClockEngineTests.swift */ = {isa = PBXFileReference; lastKnownFileType = sourcecode.swift; path = BerlinClockEngineTests.swift; sourceTree = "<group>"; };
		7FFF07592B3C821E005E1A28 /* Array+Extension.swift */ = {isa = PBXFileReference; lastKnownFileType = sourcecode.swift; path = "Array+Extension.swift"; sourceTree = "<group>"; };
		7FFF075E2B3CA0B3005E1A28 /* BerlinClockViewModel.swift */ = {isa = PBXFileReference; lastKnownFileType = sourcecode.swift; path = BerlinClockViewModel.swift; sourceTree = "<group>"; };
		7FFF07652B3CA1E9005E1A28 /* BerlinClockViewModelTests.swift */ = {isa = PBXFileReference; lastKnownFileType = sourcecode.swift; path = BerlinClockViewModelTests.swift; sourceTree = "<group>"; };
		7FFF07682B3CA39D005E1A28 /* TimerManager.swift */ = {isa = PBXFileReference; lastKnownFileType = sourcecode.swift; path = TimerManager.swift; sourceTree = "<group>"; };
		7FFF076A2B3CAAFA005E1A28 /* Date+Extension.swift */ = {isa = PBXFileReference; lastKnownFileType = sourcecode.swift; path = "Date+Extension.swift"; sourceTree = "<group>"; };
		7FFF076D2B3CC696005E1A28 /* TimeManagerMock.swift */ = {isa = PBXFileReference; lastKnownFileType = sourcecode.swift; path = TimeManagerMock.swift; sourceTree = "<group>"; };
		7FFF076F2B3CC791005E1A28 /* SecondLampView.swift */ = {isa = PBXFileReference; lastKnownFileType = sourcecode.swift; path = SecondLampView.swift; sourceTree = "<group>"; };
		7FFF07712B3CC98D005E1A28 /* HourMinuteView.swift */ = {isa = PBXFileReference; lastKnownFileType = sourcecode.swift; path = HourMinuteView.swift; sourceTree = "<group>"; };
		7FFF07732B3CC9BB005E1A28 /* HourMinuteRowView.swift */ = {isa = PBXFileReference; lastKnownFileType = sourcecode.swift; path = HourMinuteRowView.swift; sourceTree = "<group>"; };
		7FFF07752B3CD2CA005E1A28 /* DateFormatter+Extension.swift */ = {isa = PBXFileReference; lastKnownFileType = sourcecode.swift; path = "DateFormatter+Extension.swift"; sourceTree = "<group>"; };
/* End PBXFileReference section */

/* Begin PBXFrameworksBuildPhase section */
		7FFF07142B3C6616005E1A28 /* Frameworks */ = {
			isa = PBXFrameworksBuildPhase;
			buildActionMask = 2147483647;
			files = (
			);
			runOnlyForDeploymentPostprocessing = 0;
		};
		7FFF07242B3C6618005E1A28 /* Frameworks */ = {
			isa = PBXFrameworksBuildPhase;
			buildActionMask = 2147483647;
			files = (
			);
			runOnlyForDeploymentPostprocessing = 0;
		};
		7FFF072E2B3C6618005E1A28 /* Frameworks */ = {
			isa = PBXFrameworksBuildPhase;
			buildActionMask = 2147483647;
			files = (
			);
			runOnlyForDeploymentPostprocessing = 0;
		};
/* End PBXFrameworksBuildPhase section */

/* Begin PBXGroup section */
		7FFF070E2B3C6616005E1A28 = {
			isa = PBXGroup;
			children = (
				7FFF07192B3C6616005E1A28 /* BerlinClockTest */,
				7FFF072A2B3C6618005E1A28 /* BerlinClockTestTests */,
				7FFF07342B3C6618005E1A28 /* BerlinClockTestUITests */,
				7FFF07182B3C6616005E1A28 /* Products */,
			);
			sourceTree = "<group>";
		};
		7FFF07182B3C6616005E1A28 /* Products */ = {
			isa = PBXGroup;
			children = (
				7FFF07172B3C6616005E1A28 /* BerlinClockTest.app */,
				7FFF07272B3C6618005E1A28 /* BerlinClockTestTests.xctest */,
				7FFF07312B3C6618005E1A28 /* BerlinClockTestUITests.xctest */,
			);
			name = Products;
			sourceTree = "<group>";
		};
		7FFF07192B3C6616005E1A28 /* BerlinClockTest */ = {
			isa = PBXGroup;
			children = (
				7FFF07672B3CA38F005E1A28 /* Manager */,
				7FFF075B2B3C93EE005E1A28 /* Modules */,
				7FFF074F2B3C7D94005E1A28 /* Engine */,
				7FFF07462B3C68DD005E1A28 /* UseCase */,
				7FFF074C2B3C6C10005E1A28 /* Utils */,
				7FFF071A2B3C6616005E1A28 /* BerlinClockTestApp.swift */,
				7FFF071E2B3C6618005E1A28 /* Assets.xcassets */,
				7FFF07202B3C6618005E1A28 /* Preview Content */,
			);
			path = BerlinClockTest;
			sourceTree = "<group>";
		};
		7FFF07202B3C6618005E1A28 /* Preview Content */ = {
			isa = PBXGroup;
			children = (
				7FFF07212B3C6618005E1A28 /* Preview Assets.xcassets */,
			);
			path = "Preview Content";
			sourceTree = "<group>";
		};
		7FFF072A2B3C6618005E1A28 /* BerlinClockTestTests */ = {
			isa = PBXGroup;
			children = (
				7FFF076C2B3CC683005E1A28 /* Mocks */,
				7FFF07492B3C6951005E1A28 /* Extensions */,
				7FFF072B2B3C6618005E1A28 /* LightStateUseCaseTests.swift */,
				7FFF07572B3C7E29005E1A28 /* BerlinClockEngineTests.swift */,
				7FFF07652B3CA1E9005E1A28 /* BerlinClockViewModelTests.swift */,
			);
			path = BerlinClockTestTests;
			sourceTree = "<group>";
		};
		7FFF07342B3C6618005E1A28 /* BerlinClockTestUITests */ = {
			isa = PBXGroup;
			children = (
				7FFF07352B3C6618005E1A28 /* BerlinClockTestUITests.swift */,
				7FFF07372B3C6618005E1A28 /* BerlinClockTestUITestsLaunchTests.swift */,
			);
			path = BerlinClockTestUITests;
			sourceTree = "<group>";
		};
		7FFF07462B3C68DD005E1A28 /* UseCase */ = {
			isa = PBXGroup;
			children = (
				7FFF07472B3C68FA005E1A28 /* LightStateUseCase.swift */,
			);
			path = UseCase;
			sourceTree = "<group>";
		};
		7FFF07492B3C6951005E1A28 /* Extensions */ = {
			isa = PBXGroup;
			children = (
				7FFF07592B3C821E005E1A28 /* Array+Extension.swift */,
				7FFF076A2B3CAAFA005E1A28 /* Date+Extension.swift */,
			);
			path = Extensions;
			sourceTree = "<group>";
		};
		7FFF074C2B3C6C10005E1A28 /* Utils */ = {
			isa = PBXGroup;
			children = (
				7FFF074A2B3C6960005E1A28 /* Date+Extension.swift */,
				7FFF074D2B3C6C27005E1A28 /* Calendar+Extension.swift */,
				7FFF07752B3CD2CA005E1A28 /* DateFormatter+Extension.swift */,
			);
			path = Utils;
			sourceTree = "<group>";
		};
		7FFF074F2B3C7D94005E1A28 /* Engine */ = {
			isa = PBXGroup;
			children = (
				7FFF07502B3C7D9A005E1A28 /* Model */,
				7FFF07552B3C7DDA005E1A28 /* BerlinClockEngine.swift */,
			);
			path = Engine;
			sourceTree = "<group>";
		};
		7FFF07502B3C7D9A005E1A28 /* Model */ = {
			isa = PBXGroup;
			children = (
				7FFF07512B3C7DA5005E1A28 /* Lamp.swift */,
				7FFF07532B3C7DBF005E1A28 /* BerlinClock.swift */,
			);
			path = Model;
			sourceTree = "<group>";
		};
		7FFF075B2B3C93EE005E1A28 /* Modules */ = {
			isa = PBXGroup;
			children = (
				7FFF075D2B3CA083005E1A28 /* ViewModel */,
				7FFF075C2B3CA07E005E1A28 /* View */,
			);
			path = Modules;
			sourceTree = "<group>";
		};
		7FFF075C2B3CA07E005E1A28 /* View */ = {
			isa = PBXGroup;
			children = (
				7FFF071C2B3C6616005E1A28 /* BerlinClockView.swift */,
				7FFF076F2B3CC791005E1A28 /* SecondLampView.swift */,
				7FFF07712B3CC98D005E1A28 /* HourMinuteView.swift */,
				7FFF07732B3CC9BB005E1A28 /* HourMinuteRowView.swift */,
			);
			path = View;
			sourceTree = "<group>";
		};
		7FFF075D2B3CA083005E1A28 /* ViewModel */ = {
			isa = PBXGroup;
			children = (
				7FFF075E2B3CA0B3005E1A28 /* BerlinClockViewModel.swift */,
			);
			path = ViewModel;
			sourceTree = "<group>";
		};
		7FFF07672B3CA38F005E1A28 /* Manager */ = {
			isa = PBXGroup;
			children = (
				7FFF07682B3CA39D005E1A28 /* TimerManager.swift */,
			);
			path = Manager;
			sourceTree = "<group>";
		};
		7FFF076C2B3CC683005E1A28 /* Mocks */ = {
			isa = PBXGroup;
			children = (
				7FFF076D2B3CC696005E1A28 /* TimeManagerMock.swift */,
			);
			path = Mocks;
			sourceTree = "<group>";
		};
/* End PBXGroup section */

/* Begin PBXNativeTarget section */
		7FFF07162B3C6616005E1A28 /* BerlinClockTest */ = {
			isa = PBXNativeTarget;
			buildConfigurationList = 7FFF073B2B3C6618005E1A28 /* Build configuration list for PBXNativeTarget "BerlinClockTest" */;
			buildPhases = (
				7FFF07132B3C6616005E1A28 /* Sources */,
				7FFF07142B3C6616005E1A28 /* Frameworks */,
				7FFF07152B3C6616005E1A28 /* Resources */,
			);
			buildRules = (
			);
			dependencies = (
			);
			name = BerlinClockTest;
			productName = BerlinClockTest;
			productReference = 7FFF07172B3C6616005E1A28 /* BerlinClockTest.app */;
			productType = "com.apple.product-type.application";
		};
		7FFF07262B3C6618005E1A28 /* BerlinClockTestTests */ = {
			isa = PBXNativeTarget;
			buildConfigurationList = 7FFF073E2B3C6618005E1A28 /* Build configuration list for PBXNativeTarget "BerlinClockTestTests" */;
			buildPhases = (
				7FFF07232B3C6618005E1A28 /* Sources */,
				7FFF07242B3C6618005E1A28 /* Frameworks */,
				7FFF07252B3C6618005E1A28 /* Resources */,
			);
			buildRules = (
			);
			dependencies = (
				7FFF07292B3C6618005E1A28 /* PBXTargetDependency */,
			);
			name = BerlinClockTestTests;
			productName = BerlinClockTestTests;
			productReference = 7FFF07272B3C6618005E1A28 /* BerlinClockTestTests.xctest */;
			productType = "com.apple.product-type.bundle.unit-test";
		};
		7FFF07302B3C6618005E1A28 /* BerlinClockTestUITests */ = {
			isa = PBXNativeTarget;
			buildConfigurationList = 7FFF07412B3C6618005E1A28 /* Build configuration list for PBXNativeTarget "BerlinClockTestUITests" */;
			buildPhases = (
				7FFF072D2B3C6618005E1A28 /* Sources */,
				7FFF072E2B3C6618005E1A28 /* Frameworks */,
				7FFF072F2B3C6618005E1A28 /* Resources */,
			);
			buildRules = (
			);
			dependencies = (
				7FFF07332B3C6618005E1A28 /* PBXTargetDependency */,
			);
			name = BerlinClockTestUITests;
			productName = BerlinClockTestUITests;
			productReference = 7FFF07312B3C6618005E1A28 /* BerlinClockTestUITests.xctest */;
			productType = "com.apple.product-type.bundle.ui-testing";
		};
/* End PBXNativeTarget section */

/* Begin PBXProject section */
		7FFF070F2B3C6616005E1A28 /* Project object */ = {
			isa = PBXProject;
			attributes = {
				BuildIndependentTargetsInParallel = 1;
				LastSwiftUpdateCheck = 1500;
				LastUpgradeCheck = 1500;
				TargetAttributes = {
					7FFF07162B3C6616005E1A28 = {
						CreatedOnToolsVersion = 15.0.1;
					};
					7FFF07262B3C6618005E1A28 = {
						CreatedOnToolsVersion = 15.0.1;
						TestTargetID = 7FFF07162B3C6616005E1A28;
					};
					7FFF07302B3C6618005E1A28 = {
						CreatedOnToolsVersion = 15.0.1;
						TestTargetID = 7FFF07162B3C6616005E1A28;
					};
				};
			};
			buildConfigurationList = 7FFF07122B3C6616005E1A28 /* Build configuration list for PBXProject "BerlinClockTest" */;
			compatibilityVersion = "Xcode 14.0";
			developmentRegion = en;
			hasScannedForEncodings = 0;
			knownRegions = (
				en,
				Base,
			);
			mainGroup = 7FFF070E2B3C6616005E1A28;
			productRefGroup = 7FFF07182B3C6616005E1A28 /* Products */;
			projectDirPath = "";
			projectRoot = "";
			targets = (
				7FFF07162B3C6616005E1A28 /* BerlinClockTest */,
				7FFF07262B3C6618005E1A28 /* BerlinClockTestTests */,
				7FFF07302B3C6618005E1A28 /* BerlinClockTestUITests */,
			);
		};
/* End PBXProject section */

/* Begin PBXResourcesBuildPhase section */
		7FFF07152B3C6616005E1A28 /* Resources */ = {
			isa = PBXResourcesBuildPhase;
			buildActionMask = 2147483647;
			files = (
				7FFF07222B3C6618005E1A28 /* Preview Assets.xcassets in Resources */,
				7FFF071F2B3C6618005E1A28 /* Assets.xcassets in Resources */,
			);
			runOnlyForDeploymentPostprocessing = 0;
		};
		7FFF07252B3C6618005E1A28 /* Resources */ = {
			isa = PBXResourcesBuildPhase;
			buildActionMask = 2147483647;
			files = (
			);
			runOnlyForDeploymentPostprocessing = 0;
		};
		7FFF072F2B3C6618005E1A28 /* Resources */ = {
			isa = PBXResourcesBuildPhase;
			buildActionMask = 2147483647;
			files = (
			);
			runOnlyForDeploymentPostprocessing = 0;
		};
/* End PBXResourcesBuildPhase section */

/* Begin PBXSourcesBuildPhase section */
		7FFF07132B3C6616005E1A28 /* Sources */ = {
			isa = PBXSourcesBuildPhase;
			buildActionMask = 2147483647;
			files = (
				7FFF07522B3C7DA5005E1A28 /* Lamp.swift in Sources */,
				7FFF07742B3CC9BB005E1A28 /* HourMinuteRowView.swift in Sources */,
				7FFF07702B3CC791005E1A28 /* SecondLampView.swift in Sources */,
				7FFF07692B3CA39D005E1A28 /* TimerManager.swift in Sources */,
				7FFF075F2B3CA0B3005E1A28 /* BerlinClockViewModel.swift in Sources */,
				7FFF071D2B3C6616005E1A28 /* BerlinClockView.swift in Sources */,
				7FFF07542B3C7DBF005E1A28 /* BerlinClock.swift in Sources */,
				7FFF074E2B3C6C27005E1A28 /* Calendar+Extension.swift in Sources */,
				7FFF07482B3C68FA005E1A28 /* LightStateUseCase.swift in Sources */,
				7FFF071B2B3C6616005E1A28 /* BerlinClockTestApp.swift in Sources */,
				7FFF07762B3CD2CA005E1A28 /* DateFormatter+Extension.swift in Sources */,
				7FFF07562B3C7DDA005E1A28 /* BerlinClockEngine.swift in Sources */,
				7FFF07722B3CC98D005E1A28 /* HourMinuteView.swift in Sources */,
				7FFF07602B3CA15E005E1A28 /* Date+Extension.swift in Sources */,
			);
			runOnlyForDeploymentPostprocessing = 0;
		};
		7FFF07232B3C6618005E1A28 /* Sources */ = {
			isa = PBXSourcesBuildPhase;
			buildActionMask = 2147483647;
			files = (
				7FFF076B2B3CAAFA005E1A28 /* Date+Extension.swift in Sources */,
				7FFF072C2B3C6618005E1A28 /* LightStateUseCaseTests.swift in Sources */,
				7FFF07662B3CA1E9005E1A28 /* BerlinClockViewModelTests.swift in Sources */,
				7FFF07582B3C7E29005E1A28 /* BerlinClockEngineTests.swift in Sources */,
				7FFF076E2B3CC696005E1A28 /* TimeManagerMock.swift in Sources */,
				7FFF075A2B3C821E005E1A28 /* Array+Extension.swift in Sources */,
			);
			runOnlyForDeploymentPostprocessing = 0;
		};
		7FFF072D2B3C6618005E1A28 /* Sources */ = {
			isa = PBXSourcesBuildPhase;
			buildActionMask = 2147483647;
			files = (
				7FFF07362B3C6618005E1A28 /* BerlinClockTestUITests.swift in Sources */,
				7FFF07382B3C6618005E1A28 /* BerlinClockTestUITestsLaunchTests.swift in Sources */,
			);
			runOnlyForDeploymentPostprocessing = 0;
		};
/* End PBXSourcesBuildPhase section */

/* Begin PBXTargetDependency section */
		7FFF07292B3C6618005E1A28 /* PBXTargetDependency */ = {
			isa = PBXTargetDependency;
			target = 7FFF07162B3C6616005E1A28 /* BerlinClockTest */;
			targetProxy = 7FFF07282B3C6618005E1A28 /* PBXContainerItemProxy */;
		};
		7FFF07332B3C6618005E1A28 /* PBXTargetDependency */ = {
			isa = PBXTargetDependency;
			target = 7FFF07162B3C6616005E1A28 /* BerlinClockTest */;
			targetProxy = 7FFF07322B3C6618005E1A28 /* PBXContainerItemProxy */;
		};
/* End PBXTargetDependency section */

/* Begin XCBuildConfiguration section */
		7FFF07392B3C6618005E1A28 /* Debug */ = {
			isa = XCBuildConfiguration;
			buildSettings = {
				ALWAYS_SEARCH_USER_PATHS = NO;
				ASSETCATALOG_COMPILER_GENERATE_SWIFT_ASSET_SYMBOL_EXTENSIONS = YES;
				CLANG_ANALYZER_NONNULL = YES;
				CLANG_ANALYZER_NUMBER_OBJECT_CONVERSION = YES_AGGRESSIVE;
				CLANG_CXX_LANGUAGE_STANDARD = "gnu++20";
				CLANG_ENABLE_MODULES = YES;
				CLANG_ENABLE_OBJC_ARC = YES;
				CLANG_ENABLE_OBJC_WEAK = YES;
				CLANG_WARN_BLOCK_CAPTURE_AUTORELEASING = YES;
				CLANG_WARN_BOOL_CONVERSION = YES;
				CLANG_WARN_COMMA = YES;
				CLANG_WARN_CONSTANT_CONVERSION = YES;
				CLANG_WARN_DEPRECATED_OBJC_IMPLEMENTATIONS = YES;
				CLANG_WARN_DIRECT_OBJC_ISA_USAGE = YES_ERROR;
				CLANG_WARN_DOCUMENTATION_COMMENTS = YES;
				CLANG_WARN_EMPTY_BODY = YES;
				CLANG_WARN_ENUM_CONVERSION = YES;
				CLANG_WARN_INFINITE_RECURSION = YES;
				CLANG_WARN_INT_CONVERSION = YES;
				CLANG_WARN_NON_LITERAL_NULL_CONVERSION = YES;
				CLANG_WARN_OBJC_IMPLICIT_RETAIN_SELF = YES;
				CLANG_WARN_OBJC_LITERAL_CONVERSION = YES;
				CLANG_WARN_OBJC_ROOT_CLASS = YES_ERROR;
				CLANG_WARN_QUOTED_INCLUDE_IN_FRAMEWORK_HEADER = YES;
				CLANG_WARN_RANGE_LOOP_ANALYSIS = YES;
				CLANG_WARN_STRICT_PROTOTYPES = YES;
				CLANG_WARN_SUSPICIOUS_MOVE = YES;
				CLANG_WARN_UNGUARDED_AVAILABILITY = YES_AGGRESSIVE;
				CLANG_WARN_UNREACHABLE_CODE = YES;
				CLANG_WARN__DUPLICATE_METHOD_MATCH = YES;
				COPY_PHASE_STRIP = NO;
				DEBUG_INFORMATION_FORMAT = dwarf;
				ENABLE_STRICT_OBJC_MSGSEND = YES;
				ENABLE_TESTABILITY = YES;
				ENABLE_USER_SCRIPT_SANDBOXING = YES;
				GCC_C_LANGUAGE_STANDARD = gnu17;
				GCC_DYNAMIC_NO_PIC = NO;
				GCC_NO_COMMON_BLOCKS = YES;
				GCC_OPTIMIZATION_LEVEL = 0;
				GCC_PREPROCESSOR_DEFINITIONS = (
					"DEBUG=1",
					"$(inherited)",
				);
				GCC_WARN_64_TO_32_BIT_CONVERSION = YES;
				GCC_WARN_ABOUT_RETURN_TYPE = YES_ERROR;
				GCC_WARN_UNDECLARED_SELECTOR = YES;
				GCC_WARN_UNINITIALIZED_AUTOS = YES_AGGRESSIVE;
				GCC_WARN_UNUSED_FUNCTION = YES;
				GCC_WARN_UNUSED_VARIABLE = YES;
				IPHONEOS_DEPLOYMENT_TARGET = 17.0;
				LOCALIZATION_PREFERS_STRING_CATALOGS = YES;
				MTL_ENABLE_DEBUG_INFO = INCLUDE_SOURCE;
				MTL_FAST_MATH = YES;
				ONLY_ACTIVE_ARCH = YES;
				SDKROOT = iphoneos;
				SWIFT_ACTIVE_COMPILATION_CONDITIONS = "DEBUG $(inherited)";
				SWIFT_OPTIMIZATION_LEVEL = "-Onone";
			};
			name = Debug;
		};
		7FFF073A2B3C6618005E1A28 /* Release */ = {
			isa = XCBuildConfiguration;
			buildSettings = {
				ALWAYS_SEARCH_USER_PATHS = NO;
				ASSETCATALOG_COMPILER_GENERATE_SWIFT_ASSET_SYMBOL_EXTENSIONS = YES;
				CLANG_ANALYZER_NONNULL = YES;
				CLANG_ANALYZER_NUMBER_OBJECT_CONVERSION = YES_AGGRESSIVE;
				CLANG_CXX_LANGUAGE_STANDARD = "gnu++20";
				CLANG_ENABLE_MODULES = YES;
				CLANG_ENABLE_OBJC_ARC = YES;
				CLANG_ENABLE_OBJC_WEAK = YES;
				CLANG_WARN_BLOCK_CAPTURE_AUTORELEASING = YES;
				CLANG_WARN_BOOL_CONVERSION = YES;
				CLANG_WARN_COMMA = YES;
				CLANG_WARN_CONSTANT_CONVERSION = YES;
				CLANG_WARN_DEPRECATED_OBJC_IMPLEMENTATIONS = YES;
				CLANG_WARN_DIRECT_OBJC_ISA_USAGE = YES_ERROR;
				CLANG_WARN_DOCUMENTATION_COMMENTS = YES;
				CLANG_WARN_EMPTY_BODY = YES;
				CLANG_WARN_ENUM_CONVERSION = YES;
				CLANG_WARN_INFINITE_RECURSION = YES;
				CLANG_WARN_INT_CONVERSION = YES;
				CLANG_WARN_NON_LITERAL_NULL_CONVERSION = YES;
				CLANG_WARN_OBJC_IMPLICIT_RETAIN_SELF = YES;
				CLANG_WARN_OBJC_LITERAL_CONVERSION = YES;
				CLANG_WARN_OBJC_ROOT_CLASS = YES_ERROR;
				CLANG_WARN_QUOTED_INCLUDE_IN_FRAMEWORK_HEADER = YES;
				CLANG_WARN_RANGE_LOOP_ANALYSIS = YES;
				CLANG_WARN_STRICT_PROTOTYPES = YES;
				CLANG_WARN_SUSPICIOUS_MOVE = YES;
				CLANG_WARN_UNGUARDED_AVAILABILITY = YES_AGGRESSIVE;
				CLANG_WARN_UNREACHABLE_CODE = YES;
				CLANG_WARN__DUPLICATE_METHOD_MATCH = YES;
				COPY_PHASE_STRIP = NO;
				DEBUG_INFORMATION_FORMAT = "dwarf-with-dsym";
				ENABLE_NS_ASSERTIONS = NO;
				ENABLE_STRICT_OBJC_MSGSEND = YES;
				ENABLE_USER_SCRIPT_SANDBOXING = YES;
				GCC_C_LANGUAGE_STANDARD = gnu17;
				GCC_NO_COMMON_BLOCKS = YES;
				GCC_WARN_64_TO_32_BIT_CONVERSION = YES;
				GCC_WARN_ABOUT_RETURN_TYPE = YES_ERROR;
				GCC_WARN_UNDECLARED_SELECTOR = YES;
				GCC_WARN_UNINITIALIZED_AUTOS = YES_AGGRESSIVE;
				GCC_WARN_UNUSED_FUNCTION = YES;
				GCC_WARN_UNUSED_VARIABLE = YES;
				IPHONEOS_DEPLOYMENT_TARGET = 17.0;
				LOCALIZATION_PREFERS_STRING_CATALOGS = YES;
				MTL_ENABLE_DEBUG_INFO = NO;
				MTL_FAST_MATH = YES;
				SDKROOT = iphoneos;
				SWIFT_COMPILATION_MODE = wholemodule;
				VALIDATE_PRODUCT = YES;
			};
			name = Release;
		};
		7FFF073C2B3C6618005E1A28 /* Debug */ = {
			isa = XCBuildConfiguration;
			buildSettings = {
				ASSETCATALOG_COMPILER_APPICON_NAME = AppIcon;
				ASSETCATALOG_COMPILER_GLOBAL_ACCENT_COLOR_NAME = AccentColor;
				CODE_SIGN_STYLE = Automatic;
				CURRENT_PROJECT_VERSION = 1;
				DEVELOPMENT_ASSET_PATHS = "\"BerlinClockTest/Preview Content\"";
				ENABLE_PREVIEWS = YES;
				GENERATE_INFOPLIST_FILE = YES;
				INFOPLIST_KEY_UIApplicationSceneManifest_Generation = YES;
				INFOPLIST_KEY_UIApplicationSupportsIndirectInputEvents = YES;
				INFOPLIST_KEY_UILaunchScreen_Generation = YES;
				INFOPLIST_KEY_UISupportedInterfaceOrientations_iPad = "UIInterfaceOrientationPortrait UIInterfaceOrientationPortraitUpsideDown UIInterfaceOrientationLandscapeLeft UIInterfaceOrientationLandscapeRight";
				INFOPLIST_KEY_UISupportedInterfaceOrientations_iPhone = "UIInterfaceOrientationPortrait UIInterfaceOrientationLandscapeLeft UIInterfaceOrientationLandscapeRight";
				LD_RUNPATH_SEARCH_PATHS = (
					"$(inherited)",
					"@executable_path/Frameworks",
				);
				MARKETING_VERSION = 1.0;
				PRODUCT_BUNDLE_IDENTIFIER = "-024.dev2.003.dev.BerlinClockTest";
				PRODUCT_NAME = "$(TARGET_NAME)";
				SWIFT_EMIT_LOC_STRINGS = YES;
				SWIFT_VERSION = 5.0;
				TARGETED_DEVICE_FAMILY = "1,2";
			};
			name = Debug;
		};
		7FFF073D2B3C6618005E1A28 /* Release */ = {
			isa = XCBuildConfiguration;
			buildSettings = {
				ASSETCATALOG_COMPILER_APPICON_NAME = AppIcon;
				ASSETCATALOG_COMPILER_GLOBAL_ACCENT_COLOR_NAME = AccentColor;
				CODE_SIGN_STYLE = Automatic;
				CURRENT_PROJECT_VERSION = 1;
				DEVELOPMENT_ASSET_PATHS = "\"BerlinClockTest/Preview Content\"";
				ENABLE_PREVIEWS = YES;
				GENERATE_INFOPLIST_FILE = YES;
				INFOPLIST_KEY_UIApplicationSceneManifest_Generation = YES;
				INFOPLIST_KEY_UIApplicationSupportsIndirectInputEvents = YES;
				INFOPLIST_KEY_UILaunchScreen_Generation = YES;
				INFOPLIST_KEY_UISupportedInterfaceOrientations_iPad = "UIInterfaceOrientationPortrait UIInterfaceOrientationPortraitUpsideDown UIInterfaceOrientationLandscapeLeft UIInterfaceOrientationLandscapeRight";
				INFOPLIST_KEY_UISupportedInterfaceOrientations_iPhone = "UIInterfaceOrientationPortrait UIInterfaceOrientationLandscapeLeft UIInterfaceOrientationLandscapeRight";
				LD_RUNPATH_SEARCH_PATHS = (
					"$(inherited)",
					"@executable_path/Frameworks",
				);
				MARKETING_VERSION = 1.0;
				PRODUCT_BUNDLE_IDENTIFIER = "-024.dev2.003.dev.BerlinClockTest";
				PRODUCT_NAME = "$(TARGET_NAME)";
				SWIFT_EMIT_LOC_STRINGS = YES;
				SWIFT_VERSION = 5.0;
				TARGETED_DEVICE_FAMILY = "1,2";
			};
			name = Release;
		};
		7FFF073F2B3C6618005E1A28 /* Debug */ = {
			isa = XCBuildConfiguration;
			buildSettings = {
				ALWAYS_EMBED_SWIFT_STANDARD_LIBRARIES = YES;
				BUNDLE_LOADER = "$(TEST_HOST)";
				CODE_SIGN_STYLE = Automatic;
				CURRENT_PROJECT_VERSION = 1;
				GENERATE_INFOPLIST_FILE = YES;
				IPHONEOS_DEPLOYMENT_TARGET = 17.0;
				MARKETING_VERSION = 1.0;
				PRODUCT_BUNDLE_IDENTIFIER = "-024.dev2.003.dev.BerlinClockTestTests";
				PRODUCT_NAME = "$(TARGET_NAME)";
				SWIFT_EMIT_LOC_STRINGS = NO;
				SWIFT_VERSION = 5.0;
				TARGETED_DEVICE_FAMILY = "1,2";
				TEST_HOST = "$(BUILT_PRODUCTS_DIR)/BerlinClockTest.app/$(BUNDLE_EXECUTABLE_FOLDER_PATH)/BerlinClockTest";
			};
			name = Debug;
		};
		7FFF07402B3C6618005E1A28 /* Release */ = {
			isa = XCBuildConfiguration;
			buildSettings = {
				ALWAYS_EMBED_SWIFT_STANDARD_LIBRARIES = YES;
				BUNDLE_LOADER = "$(TEST_HOST)";
				CODE_SIGN_STYLE = Automatic;
				CURRENT_PROJECT_VERSION = 1;
				GENERATE_INFOPLIST_FILE = YES;
				IPHONEOS_DEPLOYMENT_TARGET = 17.0;
				MARKETING_VERSION = 1.0;
				PRODUCT_BUNDLE_IDENTIFIER = "-024.dev2.003.dev.BerlinClockTestTests";
				PRODUCT_NAME = "$(TARGET_NAME)";
				SWIFT_EMIT_LOC_STRINGS = NO;
				SWIFT_VERSION = 5.0;
				TARGETED_DEVICE_FAMILY = "1,2";
				TEST_HOST = "$(BUILT_PRODUCTS_DIR)/BerlinClockTest.app/$(BUNDLE_EXECUTABLE_FOLDER_PATH)/BerlinClockTest";
			};
			name = Release;
		};
		7FFF07422B3C6618005E1A28 /* Debug */ = {
			isa = XCBuildConfiguration;
			buildSettings = {
				ALWAYS_EMBED_SWIFT_STANDARD_LIBRARIES = YES;
				CODE_SIGN_STYLE = Automatic;
				CURRENT_PROJECT_VERSION = 1;
				GENERATE_INFOPLIST_FILE = YES;
				MARKETING_VERSION = 1.0;
				PRODUCT_BUNDLE_IDENTIFIER = "-024.dev2.003.dev.BerlinClockTestUITests";
				PRODUCT_NAME = "$(TARGET_NAME)";
				SWIFT_EMIT_LOC_STRINGS = NO;
				SWIFT_VERSION = 5.0;
				TARGETED_DEVICE_FAMILY = "1,2";
				TEST_TARGET_NAME = BerlinClockTest;
			};
			name = Debug;
		};
		7FFF07432B3C6618005E1A28 /* Release */ = {
			isa = XCBuildConfiguration;
			buildSettings = {
				ALWAYS_EMBED_SWIFT_STANDARD_LIBRARIES = YES;
				CODE_SIGN_STYLE = Automatic;
				CURRENT_PROJECT_VERSION = 1;
				GENERATE_INFOPLIST_FILE = YES;
				MARKETING_VERSION = 1.0;
				PRODUCT_BUNDLE_IDENTIFIER = "-024.dev2.003.dev.BerlinClockTestUITests";
				PRODUCT_NAME = "$(TARGET_NAME)";
				SWIFT_EMIT_LOC_STRINGS = NO;
				SWIFT_VERSION = 5.0;
				TARGETED_DEVICE_FAMILY = "1,2";
				TEST_TARGET_NAME = BerlinClockTest;
			};
			name = Release;
		};
/* End XCBuildConfiguration section */

/* Begin XCConfigurationList section */
		7FFF07122B3C6616005E1A28 /* Build configuration list for PBXProject "BerlinClockTest" */ = {
			isa = XCConfigurationList;
			buildConfigurations = (
				7FFF07392B3C6618005E1A28 /* Debug */,
				7FFF073A2B3C6618005E1A28 /* Release */,
			);
			defaultConfigurationIsVisible = 0;
			defaultConfigurationName = Release;
		};
		7FFF073B2B3C6618005E1A28 /* Build configuration list for PBXNativeTarget "BerlinClockTest" */ = {
			isa = XCConfigurationList;
			buildConfigurations = (
				7FFF073C2B3C6618005E1A28 /* Debug */,
				7FFF073D2B3C6618005E1A28 /* Release */,
			);
			defaultConfigurationIsVisible = 0;
			defaultConfigurationName = Release;
		};
		7FFF073E2B3C6618005E1A28 /* Build configuration list for PBXNativeTarget "BerlinClockTestTests" */ = {
			isa = XCConfigurationList;
			buildConfigurations = (
				7FFF073F2B3C6618005E1A28 /* Debug */,
				7FFF07402B3C6618005E1A28 /* Release */,
			);
			defaultConfigurationIsVisible = 0;
			defaultConfigurationName = Release;
		};
		7FFF07412B3C6618005E1A28 /* Build configuration list for PBXNativeTarget "BerlinClockTestUITests" */ = {
			isa = XCConfigurationList;
			buildConfigurations = (
				7FFF07422B3C6618005E1A28 /* Debug */,
				7FFF07432B3C6618005E1A28 /* Release */,
			);
			defaultConfigurationIsVisible = 0;
			defaultConfigurationName = Release;
		};
/* End XCConfigurationList section */
	};
	rootObject = 7FFF070F2B3C6616005E1A28 /* Project object */;
}
